
Microsoft Visual Studio Solution File, Format Version 12.00
# Visual Studio Version 17
VisualStudioVersion = 17.10.35122.118
MinimumVisualStudioVersion = 10.0.40219.1
Project("{9A19103F-16F7-4668-BE54-9A1E7A4F7556}") = "important-game.web", "src\important-game.web\important-game.web.csproj", "{F964B470-5B4A-404D-BAC3-16AD214DF386}"
EndProject
Project("{9A19103F-16F7-4668-BE54-9A1E7A4F7556}") = "important-game.infrastructure", "src\important-game.infrastructure\important-game.infrastructure.csproj", "{BC795450-6C54-482B-88F9-4D58BC4BD90A}"
EndProject
Project("{2150E333-8FDC-42A3-9474-1A3956D46DE8}") = "tests", "tests", "{0AB3BF05-4346-4AA6-1389-037BE0695223}"
EndProject
Project("{FAE04EC0-301F-11D3-BF4B-00C04F79EFBC}") = "important-game.infrastructure.tests", "tests\important-game.infrastructure.tests\important-game.infrastructure.tests.csproj", "{5ABD9033-AF9C-4D17-82AA-1B8505B91E16}"
EndProject
Project("{2150E333-8FDC-42A3-9474-1A3956D46DE8}") = "docs", "docs", "{02EA681E-C7D8-13C7-8484-4AC65E1B71E8}"
	ProjectSection(SolutionItems) = preProject
		ARCHITECTURE.md = ARCHITECTURE.md
		CRON_BACKGROUND_JOBS.md = CRON_BACKGROUND_JOBS.md
		DATABASE_SCHEMA.md = DATABASE_SCHEMA.md
		DOCKER_TUTORIAL.md = DOCKER_TUTORIAL.md
		GOOGLE_ADS_FIX.md = GOOGLE_ADS_FIX.md
		GOOGLE_ADS_IMPLEMENTATION.md = GOOGLE_ADS_IMPLEMENTATION.md
		GOOGLE_OAUTH_SETUP.md = GOOGLE_OAUTH_SETUP.md
		IMPROVEMENT_PLAN.md = IMPROVEMENT_PLAN.md
		LIVE_SCORE_CALCULATOR_SPEC.md = LIVE_SCORE_CALCULATOR_SPEC.md
		LIVE_SCORE_RATE_LIMITING.md = LIVE_SCORE_RATE_LIMITING.md
		LLMS_TXT_SAMPLE.md = LLMS_TXT_SAMPLE.md
		LOADING_STATES_GUIDE.md = LOADING_STATES_GUIDE.md
		MINIFICATION_SETUP.md = MINIFICATION_SETUP.md
		NEXT_STEPS.md = NEXT_STEPS.md
		PERFORMANCE_OPTIMIZATION.md = PERFORMANCE_OPTIMIZATION.md
		README.md = README.md
		SESSION_CHANGES.md = SESSION_CHANGES.md
		SOFASCORE_INTEGRATION_GUIDE.md = SOFASCORE_INTEGRATION_GUIDE.md
		SOFASCORE_REFACTOR_SUMMARY.md = SOFASCORE_REFACTOR_SUMMARY.md
	EndProjectSection
EndProject
Project("{FAE04EC0-301F-11D3-BF4B-00C04F79EFBC}") = "important-game.app", "src\important-game.app\important-game.app.csproj", "{6C741626-2C29-4EA0-A259-EB6ACA196252}"
EndProject
Project("{2150E333-8FDC-42A3-9474-1A3956D46DE8}") = "general", "general", "{F80A9584-C583-483F-AC4F-F7CF7FF9518D}"
	ProjectSection(SolutionItems) = preProject
		docker-compose.yml = docker-compose.yml
	EndProjectSection
EndProject
Global
	GlobalSection(SolutionConfigurationPlatforms) = preSolution
		Debug|Any CPU = Debug|Any CPU
		Debug|x64 = Debug|x64
		Debug|x86 = Debug|x86
		Release|Any CPU = Release|Any CPU
		Release|x64 = Release|x64
		Release|x86 = Release|x86
	EndGlobalSection
	GlobalSection(ProjectConfigurationPlatforms) = postSolution
		{F964B470-5B4A-404D-BAC3-16AD214DF386}.Debug|Any CPU.ActiveCfg = Debug|Any CPU
		{F964B470-5B4A-404D-BAC3-16AD214DF386}.Debug|Any CPU.Build.0 = Debug|Any CPU
		{F964B470-5B4A-404D-BAC3-16AD214DF386}.Debug|x64.ActiveCfg = Debug|Any CPU
		{F964B470-5B4A-404D-BAC3-16AD214DF386}.Debug|x64.Build.0 = Debug|Any CPU
		{F964B470-5B4A-404D-BAC3-16AD214DF386}.Debug|x86.ActiveCfg = Debug|Any CPU
		{F964B470-5B4A-404D-BAC3-16AD214DF386}.Debug|x86.Build.0 = Debug|Any CPU
		{F964B470-5B4A-404D-BAC3-16AD214DF386}.Release|Any CPU.ActiveCfg = Release|Any CPU
		{F964B470-5B4A-404D-BAC3-16AD214DF386}.Release|Any CPU.Build.0 = Release|Any CPU
		{F964B470-5B4A-404D-BAC3-16AD214DF386}.Release|x64.ActiveCfg = Release|Any CPU
		{F964B470-5B4A-404D-BAC3-16AD214DF386}.Release|x64.Build.0 = Release|Any CPU
		{F964B470-5B4A-404D-BAC3-16AD214DF386}.Release|x86.ActiveCfg = Release|Any CPU
		{F964B470-5B4A-404D-BAC3-16AD214DF386}.Release|x86.Build.0 = Release|Any CPU
		{BC795450-6C54-482B-88F9-4D58BC4BD90A}.Debug|Any CPU.ActiveCfg = Debug|Any CPU
		{BC795450-6C54-482B-88F9-4D58BC4BD90A}.Debug|Any CPU.Build.0 = Debug|Any CPU
		{BC795450-6C54-482B-88F9-4D58BC4BD90A}.Debug|x64.ActiveCfg = Debug|Any CPU
		{BC795450-6C54-482B-88F9-4D58BC4BD90A}.Debug|x64.Build.0 = Debug|Any CPU
		{BC795450-6C54-482B-88F9-4D58BC4BD90A}.Debug|x86.ActiveCfg = Debug|Any CPU
		{BC795450-6C54-482B-88F9-4D58BC4BD90A}.Debug|x86.Build.0 = Debug|Any CPU
		{BC795450-6C54-482B-88F9-4D58BC4BD90A}.Release|Any CPU.ActiveCfg = Release|Any CPU
		{BC795450-6C54-482B-88F9-4D58BC4BD90A}.Release|Any CPU.Build.0 = Release|Any CPU
		{BC795450-6C54-482B-88F9-4D58BC4BD90A}.Release|x64.ActiveCfg = Release|Any CPU
		{BC795450-6C54-482B-88F9-4D58BC4BD90A}.Release|x64.Build.0 = Release|Any CPU
		{BC795450-6C54-482B-88F9-4D58BC4BD90A}.Release|x86.ActiveCfg = Release|Any CPU
		{BC795450-6C54-482B-88F9-4D58BC4BD90A}.Release|x86.Build.0 = Release|Any CPU
		{5ABD9033-AF9C-4D17-82AA-1B8505B91E16}.Debug|Any CPU.ActiveCfg = Debug|Any CPU
		{5ABD9033-AF9C-4D17-82AA-1B8505B91E16}.Debug|Any CPU.Build.0 = Debug|Any CPU
		{5ABD9033-AF9C-4D17-82AA-1B8505B91E16}.Debug|x64.ActiveCfg = Debug|Any CPU
		{5ABD9033-AF9C-4D17-82AA-1B8505B91E16}.Debug|x64.Build.0 = Debug|Any CPU
		{5ABD9033-AF9C-4D17-82AA-1B8505B91E16}.Debug|x86.ActiveCfg = Debug|Any CPU
		{5ABD9033-AF9C-4D17-82AA-1B8505B91E16}.Debug|x86.Build.0 = Debug|Any CPU
		{5ABD9033-AF9C-4D17-82AA-1B8505B91E16}.Release|Any CPU.ActiveCfg = Release|Any CPU
		{5ABD9033-AF9C-4D17-82AA-1B8505B91E16}.Release|Any CPU.Build.0 = Release|Any CPU
		{5ABD9033-AF9C-4D17-82AA-1B8505B91E16}.Release|x64.ActiveCfg = Release|Any CPU
		{5ABD9033-AF9C-4D17-82AA-1B8505B91E16}.Release|x64.Build.0 = Release|Any CPU
		{5ABD9033-AF9C-4D17-82AA-1B8505B91E16}.Release|x86.ActiveCfg = Release|Any CPU
		{5ABD9033-AF9C-4D17-82AA-1B8505B91E16}.Release|x86.Build.0 = Release|Any CPU
		{6C741626-2C29-4EA0-A259-EB6ACA196252}.Debug|Any CPU.ActiveCfg = Debug|Any CPU
		{6C741626-2C29-4EA0-A259-EB6ACA196252}.Debug|Any CPU.Build.0 = Debug|Any CPU
		{6C741626-2C29-4EA0-A259-EB6ACA196252}.Debug|x64.ActiveCfg = Debug|Any CPU
		{6C741626-2C29-4EA0-A259-EB6ACA196252}.Debug|x64.Build.0 = Debug|Any CPU
		{6C741626-2C29-4EA0-A259-EB6ACA196252}.Debug|x86.ActiveCfg = Debug|Any CPU
		{6C741626-2C29-4EA0-A259-EB6ACA196252}.Debug|x86.Build.0 = Debug|Any CPU
		{6C741626-2C29-4EA0-A259-EB6ACA196252}.Release|Any CPU.ActiveCfg = Release|Any CPU
		{6C741626-2C29-4EA0-A259-EB6ACA196252}.Release|Any CPU.Build.0 = Release|Any CPU
		{6C741626-2C29-4EA0-A259-EB6ACA196252}.Release|x64.ActiveCfg = Release|Any CPU
		{6C741626-2C29-4EA0-A259-EB6ACA196252}.Release|x64.Build.0 = Release|Any CPU
		{6C741626-2C29-4EA0-A259-EB6ACA196252}.Release|x86.ActiveCfg = Release|Any CPU
		{6C741626-2C29-4EA0-A259-EB6ACA196252}.Release|x86.Build.0 = Release|Any CPU
	EndGlobalSection
	GlobalSection(SolutionProperties) = preSolution
		HideSolutionNode = FALSE
	EndGlobalSection
	GlobalSection(NestedProjects) = preSolution
		{5ABD9033-AF9C-4D17-82AA-1B8505B91E16} = {0AB3BF05-4346-4AA6-1389-037BE0695223}
	EndGlobalSection
	GlobalSection(ExtensibilityGlobals) = postSolution
		SolutionGuid = {26ABCF31-D68A-4AA7-8FED-D96E2D220710}
	EndGlobalSection
EndGlobal
